
Microsoft Visual Studio Solution File, Format Version 12.00
Project("{FAE04EC0-301F-11D3-BF4B-00C04F79EFBC}") = "PlaySimd", "PlaySimd\PlaySimd.csproj", "{926B5CE9-76DD-436C-9F48-C0F51EFB3DA8}"
EndProject
Global
	GlobalSection(SolutionConfigurationPlatforms) = preSolution
		Debug|Any CPU = Debug|Any CPU
		Release|Any CPU = Release|Any CPU
	EndGlobalSection
	GlobalSection(ProjectConfigurationPlatforms) = postSolution
		{926B5CE9-76DD-436C-9F48-C0F51EFB3DA8}.Debug|Any CPU.ActiveCfg = Debug|Any CPU
		{926B5CE9-76DD-436C-9F48-C0F51EFB3DA8}.Debug|Any CPU.Build.0 = Debug|Any CPU
		{926B5CE9-76DD-436C-9F48-C0F51EFB3DA8}.Release|Any CPU.ActiveCfg = Release|Any CPU
		{926B5CE9-76DD-436C-9F48-C0F51EFB3DA8}.Release|Any CPU.Build.0 = Release|Any CPU
	EndGlobalSection
EndGlobal
